// !$*UTF8*$!
{
	archiveVersion = 1;
	classes = {
	};
	objectVersion = 50;
	objects = {

/* Begin PBXBuildFile section */
		811FF62B260DF98A00C51A56 /* AppDelegate.m in Sources */ = {isa = PBXBuildFile; fileRef = 811FF62A260DF98A00C51A56 /* AppDelegate.m */; };
		811FF62E260DF98A00C51A56 /* SceneDelegate.m in Sources */ = {isa = PBXBuildFile; fileRef = 811FF62D260DF98A00C51A56 /* SceneDelegate.m */; };
		811FF631260DF98A00C51A56 /* ViewController.m in Sources */ = {isa = PBXBuildFile; fileRef = 811FF630260DF98A00C51A56 /* ViewController.m */; };
		811FF634260DF98A00C51A56 /* Main.storyboard in Resources */ = {isa = PBXBuildFile; fileRef = 811FF632260DF98A00C51A56 /* Main.storyboard */; };
		811FF636260DF98B00C51A56 /* Assets.xcassets in Resources */ = {isa = PBXBuildFile; fileRef = 811FF635260DF98B00C51A56 /* Assets.xcassets */; };
		811FF639260DF98B00C51A56 /* LaunchScreen.storyboard in Resources */ = {isa = PBXBuildFile; fileRef = 811FF637260DF98B00C51A56 /* LaunchScreen.storyboard */; };
		811FF63C260DF98B00C51A56 /* main.m in Sources */ = {isa = PBXBuildFile; fileRef = 811FF63B260DF98B00C51A56 /* main.m */; };
/* End PBXBuildFile section */

/* Begin PBXFileReference section */
		811FF626260DF98A00C51A56 /* PrinterSDK.app */ = {isa = PBXFileReference; explicitFileType = wrapper.application; includeInIndex = 0; path = PrinterSDK.app; sourceTree = BUILT_PRODUCTS_DIR; };
		811FF629260DF98A00C51A56 /* AppDelegate.h */ = {isa = PBXFileReference; lastKnownFileType = sourcecode.c.h; path = AppDelegate.h; sourceTree = "<group>"; };
		811FF62A260DF98A00C51A56 /* AppDelegate.m */ = {isa = PBXFileReference; lastKnownFileType = sourcecode.c.objc; path = AppDelegate.m; sourceTree = "<group>"; };
		811FF62C260DF98A00C51A56 /* SceneDelegate.h */ = {isa = PBXFileReference; lastKnownFileType = sourcecode.c.h; path = SceneDelegate.h; sourceTree = "<group>"; };
		811FF62D260DF98A00C51A56 /* SceneDelegate.m */ = {isa = PBXFileReference; lastKnownFileType = sourcecode.c.objc; path = SceneDelegate.m; sourceTree = "<group>"; };
		811FF62F260DF98A00C51A56 /* ViewController.h */ = {isa = PBXFileReference; lastKnownFileType = sourcecode.c.h; path = ViewController.h; sourceTree = "<group>"; };
		811FF630260DF98A00C51A56 /* ViewController.m */ = {isa = PBXFileReference; lastKnownFileType = sourcecode.c.objc; path = ViewController.m; sourceTree = "<group>"; };
		811FF633260DF98A00C51A56 /* Base */ = {isa = PBXFileReference; lastKnownFileType = file.storyboard; name = Base; path = Base.lproj/Main.storyboard; sourceTree = "<group>"; };
		811FF635260DF98B00C51A56 /* Assets.xcassets */ = {isa = PBXFileReference; lastKnownFileType = folder.assetcatalog; path = Assets.xcassets; sourceTree = "<group>"; };
		811FF638260DF98B00C51A56 /* Base */ = {isa = PBXFileReference; lastKnownFileType = file.storyboard; name = Base; path = Base.lproj/LaunchScreen.storyboard; sourceTree = "<group>"; };
		811FF63A260DF98B00C51A56 /* Info.plist */ = {isa = PBXFileReference; lastKnownFileType = text.plist.xml; path = Info.plist; sourceTree = "<group>"; };
		811FF63B260DF98B00C51A56 /* main.m */ = {isa = PBXFileReference; lastKnownFileType = sourcecode.c.objc; path = main.m; sourceTree = "<group>"; };
/* End PBXFileReference section */

/* Begin PBXFrameworksBuildPhase section */
		811FF623260DF98A00C51A56 /* Frameworks */ = {
			isa = PBXFrameworksBuildPhase;
			buildActionMask = 2147483647;
			files = (
			);
			runOnlyForDeploymentPostprocessing = 0;
		};
/* End PBXFrameworksBuildPhase section */

/* Begin PBXGroup section */
		811FF61D260DF98A00C51A56 = {
			isa = PBXGroup;
			children = (
				811FF628260DF98A00C51A56 /* PrinterSDK */,
				811FF627260DF98A00C51A56 /* Products */,
			);
			sourceTree = "<group>";
		};
		811FF627260DF98A00C51A56 /* Products */ = {
			isa = PBXGroup;
			children = (
				811FF626260DF98A00C51A56 /* PrinterSDK.app */,
			);
			name = Products;
			sourceTree = "<group>";
		};
		811FF628260DF98A00C51A56 /* PrinterSDK */ = {
			isa = PBXGroup;
			children = (
				811FF629260DF98A00C51A56 /* AppDelegate.h */,
				811FF62A260DF98A00C51A56 /* AppDelegate.m */,
				811FF62C260DF98A00C51A56 /* SceneDelegate.h */,
				811FF62D260DF98A00C51A56 /* SceneDelegate.m */,
				811FF62F260DF98A00C51A56 /* ViewController.h */,
				811FF630260DF98A00C51A56 /* ViewController.m */,
				811FF632260DF98A00C51A56 /* Main.storyboard */,
				811FF635260DF98B00C51A56 /* Assets.xcassets */,
				811FF637260DF98B00C51A56 /* LaunchScreen.storyboard */,
				811FF63A260DF98B00C51A56 /* Info.plist */,
				811FF63B260DF98B00C51A56 /* main.m */,
			);
			path = PrinterSDK;
			sourceTree = "<group>";
		};
/* End PBXGroup section */

/* Begin PBXNativeTarget section */
		811FF625260DF98A00C51A56 /* PrinterSDK */ = {
			isa = PBXNativeTarget;
			buildConfigurationList = 811FF63F260DF98B00C51A56 /* Build configuration list for PBXNativeTarget "PrinterSDK" */;
			buildPhases = (
				811FF622260DF98A00C51A56 /* Sources */,
				811FF623260DF98A00C51A56 /* Frameworks */,
				811FF624260DF98A00C51A56 /* Resources */,
			);
			buildRules = (
			);
			dependencies = (
			);
			name = PrinterSDK;
			productName = PrinterSDK;
			productReference = 811FF626260DF98A00C51A56 /* PrinterSDK.app */;
			productType = "com.apple.product-type.application";
		};
/* End PBXNativeTarget section */

/* Begin PBXProject section */
		811FF61E260DF98A00C51A56 /* Project object */ = {
			isa = PBXProject;
			attributes = {
				LastUpgradeCheck = 1240;
				TargetAttributes = {
					811FF625260DF98A00C51A56 = {
						CreatedOnToolsVersion = 12.4;
					};
				};
			};
			buildConfigurationList = 811FF621260DF98A00C51A56 /* Build configuration list for PBXProject "PrinterSDK" */;
			compatibilityVersion = "Xcode 9.3";
			developmentRegion = en;
			hasScannedForEncodings = 0;
			knownRegions = (
				en,
				Base,
			);
			mainGroup = 811FF61D260DF98A00C51A56;
			productRefGroup = 811FF627260DF98A00C51A56 /* Products */;
			projectDirPath = "";
			projectRoot = "";
			targets = (
				811FF625260DF98A00C51A56 /* PrinterSDK */,
			);
		};
/* End PBXProject section */

/* Begin PBXResourcesBuildPhase section */
		811FF624260DF98A00C51A56 /* Resources */ = {
			isa = PBXResourcesBuildPhase;
			buildActionMask = 2147483647;
			files = (
				811FF639260DF98B00C51A56 /* LaunchScreen.storyboard in Resources */,
				811FF636260DF98B00C51A56 /* Assets.xcassets in Resources */,
				811FF634260DF98A00C51A56 /* Main.storyboard in Resources */,
			);
			runOnlyForDeploymentPostprocessing = 0;
		};
/* End PBXResourcesBuildPhase section */

/* Begin PBXSourcesBuildPhase section */
		811FF622260DF98A00C51A56 /* Sources */ = {
			isa = PBXSourcesBuildPhase;
			buildActionMask = 2147483647;
			files = (
				811FF631260DF98A00C51A56 /* ViewController.m in Sources */,
				811FF62B260DF98A00C51A56 /* AppDelegate.m in Sources */,
				811FF63C260DF98B00C51A56 /* main.m in Sources */,
				811FF62E260DF98A00C51A56 /* SceneDelegate.m in Sources */,
			);
			runOnlyForDeploymentPostprocessing = 0;
		};
/* End PBXSourcesBuildPhase section */

/* Begin PBXVariantGroup section */
		811FF632260DF98A00C51A56 /* Main.storyboard */ = {
			isa = PBXVariantGroup;
			children = (
				811FF633260DF98A00C51A56 /* Base */,
			);
			name = Main.storyboard;
			sourceTree = "<group>";
		};
		811FF637260DF98B00C51A56 /* LaunchScreen.storyboard */ = {
			isa = PBXVariantGroup;
			children = (
				811FF638260DF98B00C51A56 /* Base */,
			);
			name = LaunchScreen.storyboard;
			sourceTree = "<group>";
		};
/* End PBXVariantGroup section */

/* Begin XCBuildConfiguration section */
		811FF63D260DF98B00C51A56 /* Debug */ = {
			isa = XCBuildConfiguration;
			buildSettings = {
				ALWAYS_SEARCH_USER_PATHS = NO;
				CLANG_ANALYZER_NONNULL = YES;
				CLANG_ANALYZER_NUMBER_OBJECT_CONVERSION = YES_AGGRESSIVE;
				CLANG_CXX_LANGUAGE_STANDARD = "gnu++14";
				CLANG_CXX_LIBRARY = "libc++";
				CLANG_ENABLE_MODULES = YES;
				CLANG_ENABLE_OBJC_ARC = YES;
				CLANG_ENABLE_OBJC_WEAK = YES;
				CLANG_WARN_BLOCK_CAPTURE_AUTORELEASING = YES;
				CLANG_WARN_BOOL_CONVERSION = YES;
				CLANG_WARN_COMMA = YES;
				CLANG_WARN_CONSTANT_CONVERSION = YES;
				CLANG_WARN_DEPRECATED_OBJC_IMPLEMENTATIONS = YES;
				CLANG_WARN_DIRECT_OBJC_ISA_USAGE = YES_ERROR;
				CLANG_WARN_DOCUMENTATION_COMMENTS = YES;
				CLANG_WARN_EMPTY_BODY = YES;
				CLANG_WARN_ENUM_CONVERSION = YES;
				CLANG_WARN_INFINITE_RECURSION = YES;
				CLANG_WARN_INT_CONVERSION = YES;
				CLANG_WARN_NON_LITERAL_NULL_CONVERSION = YES;
				CLANG_WARN_OBJC_IMPLICIT_RETAIN_SELF = YES;
				CLANG_WARN_OBJC_LITERAL_CONVERSION = YES;
				CLANG_WARN_OBJC_ROOT_CLASS = YES_ERROR;
				CLANG_WARN_QUOTED_INCLUDE_IN_FRAMEWORK_HEADER = YES;
				CLANG_WARN_RANGE_LOOP_ANALYSIS = YES;
				CLANG_WARN_STRICT_PROTOTYPES = YES;
				CLANG_WARN_SUSPICIOUS_MOVE = YES;
				CLANG_WARN_UNGUARDED_AVAILABILITY = YES_AGGRESSIVE;
				CLANG_WARN_UNREACHABLE_CODE = YES;
				CLANG_WARN__DUPLICATE_METHOD_MATCH = YES;
				COPY_PHASE_STRIP = NO;
				DEBUG_INFORMATION_FORMAT = dwarf;
				ENABLE_STRICT_OBJC_MSGSEND = YES;
				ENABLE_TESTABILITY = YES;
				GCC_C_LANGUAGE_STANDARD = gnu11;
				GCC_DYNAMIC_NO_PIC = NO;
				GCC_NO_COMMON_BLOCKS = YES;
				GCC_OPTIMIZATION_LEVEL = 0;
				GCC_PREPROCESSOR_DEFINITIONS = (
					"DEBUG=1",
					"$(inherited)",
				);
				GCC_WARN_64_TO_32_BIT_CONVERSION = YES;
				GCC_WARN_ABOUT_RETURN_TYPE = YES_ERROR;
				GCC_WARN_UNDECLARED_SELECTOR = YES;
				GCC_WARN_UNINITIALIZED_AUTOS = YES_AGGRESSIVE;
				GCC_WARN_UNUSED_FUNCTION = YES;
				GCC_WARN_UNUSED_VARIABLE = YES;
				IPHONEOS_DEPLOYMENT_TARGET = 14.4;
				MTL_ENABLE_DEBUG_INFO = INCLUDE_SOURCE;
				MTL_FAST_MATH = YES;
				ONLY_ACTIVE_ARCH = YES;
				SDKROOT = iphoneos;
			};
			name = Debug;
		};
		811FF63E260DF98B00C51A56 /* Release */ = {
			isa = XCBuildConfiguration;
			buildSettings = {
				ALWAYS_SEARCH_USER_PATHS = NO;
				CLANG_ANALYZER_NONNULL = YES;
				CLANG_ANALYZER_NUMBER_OBJECT_CONVERSION = YES_AGGRESSIVE;
				CLANG_CXX_LANGUAGE_STANDARD = "gnu++14";
				CLANG_CXX_LIBRARY = "libc++";
				CLANG_ENABLE_MODULES = YES;
				CLANG_ENABLE_OBJC_ARC = YES;
				CLANG_ENABLE_OBJC_WEAK = YES;
				CLANG_WARN_BLOCK_CAPTURE_AUTORELEASING = YES;
				CLANG_WARN_BOOL_CONVERSION = YES;
				CLANG_WARN_COMMA = YES;
				CLANG_WARN_CONSTANT_CONVERSION = YES;
				CLANG_WARN_DEPRECATED_OBJC_IMPLEMENTATIONS = YES;
				CLANG_WARN_DIRECT_OBJC_ISA_USAGE = YES_ERROR;
				CLANG_WARN_DOCUMENTATION_COMMENTS = YES;
				CLANG_WARN_EMPTY_BODY = YES;
				CLANG_WARN_ENUM_CONVERSION = YES;
				CLANG_WARN_INFINITE_RECURSION = YES;
				CLANG_WARN_INT_CONVERSION = YES;
				CLANG_WARN_NON_LITERAL_NULL_CONVERSION = YES;
				CLANG_WARN_OBJC_IMPLICIT_RETAIN_SELF = YES;
				CLANG_WARN_OBJC_LITERAL_CONVERSION = YES;
				CLANG_WARN_OBJC_ROOT_CLASS = YES_ERROR;
				CLANG_WARN_QUOTED_INCLUDE_IN_FRAMEWORK_HEADER = YES;
				CLANG_WARN_RANGE_LOOP_ANALYSIS = YES;
				CLANG_WARN_STRICT_PROTOTYPES = YES;
				CLANG_WARN_SUSPICIOUS_MOVE = YES;
				CLANG_WARN_UNGUARDED_AVAILABILITY = YES_AGGRESSIVE;
				CLANG_WARN_UNREACHABLE_CODE = YES;
				CLANG_WARN__DUPLICATE_METHOD_MATCH = YES;
				COPY_PHASE_STRIP = NO;
				DEBUG_INFORMATION_FORMAT = "dwarf-with-dsym";
				ENABLE_NS_ASSERTIONS = NO;
				ENABLE_STRICT_OBJC_MSGSEND = YES;
				GCC_C_LANGUAGE_STANDARD = gnu11;
				GCC_NO_COMMON_BLOCKS = YES;
				GCC_WARN_64_TO_32_BIT_CONVERSION = YES;
				GCC_WARN_ABOUT_RETURN_TYPE = YES_ERROR;
				GCC_WARN_UNDECLARED_SELECTOR = YES;
				GCC_WARN_UNINITIALIZED_AUTOS = YES_AGGRESSIVE;
				GCC_WARN_UNUSED_FUNCTION = YES;
				GCC_WARN_UNUSED_VARIABLE = YES;
				IPHONEOS_DEPLOYMENT_TARGET = 14.4;
				MTL_ENABLE_DEBUG_INFO = NO;
				MTL_FAST_MATH = YES;
				SDKROOT = iphoneos;
				VALIDATE_PRODUCT = YES;
			};
			name = Release;
		};
		811FF640260DF98B00C51A56 /* Debug */ = {
			isa = XCBuildConfiguration;
			buildSettings = {
				ASSETCATALOG_COMPILER_APPICON_NAME = AppIcon;
				ASSETCATALOG_COMPILER_GLOBAL_ACCENT_COLOR_NAME = AccentColor;
				CODE_SIGN_STYLE = Automatic;
				DEVELOPMENT_TEAM = 976NLVLZMW;
				INFOPLIST_FILE = PrinterSDK/Info.plist;
				LD_RUNPATH_SEARCH_PATHS = (
					"$(inherited)",
					"@executable_path/Frameworks",
				);
				PRODUCT_BUNDLE_IDENTIFIER = com.hanin.PrinterSDK;
				PRODUCT_NAME = "$(TARGET_NAME)";
				TARGETED_DEVICE_FAMILY = "1,2";
			};
			name = Debug;
		};
		811FF641260DF98B00C51A56 /* Release */ = {
			isa = XCBuildConfiguration;
			buildSettings = {
				ASSETCATALOG_COMPILER_APPICON_NAME = AppIcon;
				ASSETCATALOG_COMPILER_GLOBAL_ACCENT_COLOR_NAME = AccentColor;
				CODE_SIGN_STYLE = Automatic;
				DEVELOPMENT_TEAM = 976NLVLZMW;
				INFOPLIST_FILE = PrinterSDK/Info.plist;
				LD_RUNPATH_SEARCH_PATHS = (
					"$(inherited)",
					"@executable_path/Frameworks",
				);
				PRODUCT_BUNDLE_IDENTIFIER = com.hanin.PrinterSDK;
				PRODUCT_NAME = "$(TARGET_NAME)";
				TARGETED_DEVICE_FAMILY = "1,2";
			};
			name = Release;
		};
/* End XCBuildConfiguration section */

/* Begin XCConfigurationList section */
		811FF621260DF98A00C51A56 /* Build configuration list for PBXProject "PrinterSDK" */ = {
			isa = XCConfigurationList;
			buildConfigurations = (
				811FF63D260DF98B00C51A56 /* Debug */,
				811FF63E260DF98B00C51A56 /* Release */,
			);
			defaultConfigurationIsVisible = 0;
			defaultConfigurationName = Release;
		};
		811FF63F260DF98B00C51A56 /* Build configuration list for PBXNativeTarget "PrinterSDK" */ = {
			isa = XCConfigurationList;
			buildConfigurations = (
				811FF640260DF98B00C51A56 /* Debug */,
				811FF641260DF98B00C51A56 /* Release */,
			);
			defaultConfigurationIsVisible = 0;
			defaultConfigurationName = Release;
		};
/* End XCConfigurationList section */
	};
	rootObject = 811FF61E260DF98A00C51A56 /* Project object */;
}
